
Microsoft Visual Studio Solution File, Format Version 12.00
# Visual Studio Version 17
VisualStudioVersion = 17.13.35913.81 d17.13
MinimumVisualStudioVersion = 10.0.40219.1
Project("{FAE04EC0-301F-11D3-BF4B-00C04F79EFBC}") = "MVCIdentityDemo", "MVCIdentityDemo\MVCIdentityDemo.csproj", "{6BDD5B4D-3874-4025-BDB5-84ED0EBC810D}"
EndProject
Global
	GlobalSection(SolutionConfigurationPlatforms) = preSolution
		Debug|Any CPU = Debug|Any CPU
		Release|Any CPU = Release|Any CPU
	EndGlobalSection
	GlobalSection(ProjectConfigurationPlatforms) = postSolution
		{6BDD5B4D-3874-4025-BDB5-84ED0EBC810D}.Debug|Any CPU.ActiveCfg = Debug|Any CPU
		{6BDD5B4D-3874-4025-BDB5-84ED0EBC810D}.Debug|Any CPU.Build.0 = Debug|Any CPU
		{6BDD5B4D-3874-4025-BDB5-84ED0EBC810D}.Release|Any CPU.ActiveCfg = Release|Any CPU
		{6BDD5B4D-3874-4025-BDB5-84ED0EBC810D}.Release|Any CPU.Build.0 = Release|Any CPU
	EndGlobalSection
	GlobalSection(SolutionProperties) = preSolution
		HideSolutionNode = FALSE
	EndGlobalSection
	GlobalSection(ExtensibilityGlobals) = postSolution
		SolutionGuid = {30AB1D73-1B91-4511-8A98-66958B3A5728}
	EndGlobalSection
EndGlobal
