
Microsoft Visual Studio Solution File, Format Version 12.00
# Visual Studio Version 17
VisualStudioVersion = 17.13.35913.81 d17.13
MinimumVisualStudioVersion = 10.0.40219.1
Project("{FAE04EC0-301F-11D3-BF4B-00C04F79EFBC}") = "TextSplitterApp", "TextSplitterApp\TextSplitterApp.csproj", "{32E509AF-FE76-4F18-886C-7B40F782795E}"
EndProject
Global
	GlobalSection(SolutionConfigurationPlatforms) = preSolution
		Debug|Any CPU = Debug|Any CPU
		Release|Any CPU = Release|Any CPU
	EndGlobalSection
	GlobalSection(ProjectConfigurationPlatforms) = postSolution
		{32E509AF-FE76-4F18-886C-7B40F782795E}.Debug|Any CPU.ActiveCfg = Debug|Any CPU
		{32E509AF-FE76-4F18-886C-7B40F782795E}.Debug|Any CPU.Build.0 = Debug|Any CPU
		{32E509AF-FE76-4F18-886C-7B40F782795E}.Release|Any CPU.ActiveCfg = Release|Any CPU
		{32E509AF-FE76-4F18-886C-7B40F782795E}.Release|Any CPU.Build.0 = Release|Any CPU
	EndGlobalSection
	GlobalSection(SolutionProperties) = preSolution
		HideSolutionNode = FALSE
	EndGlobalSection
	GlobalSection(ExtensibilityGlobals) = postSolution
		SolutionGuid = {7D8F2FA8-BF77-4BEB-BB5A-B1FA92F0807F}
	EndGlobalSection
EndGlobal
