
Microsoft Visual Studio Solution File, Format Version 12.00
# Visual Studio Version 17
VisualStudioVersion = 17.13.35913.81 d17.13
MinimumVisualStudioVersion = 10.0.40219.1
Project("{FAE04EC0-301F-11D3-BF4B-00C04F79EFBC}") = "EvenNumbersThread", "EvenNumbersThread\EvenNumbersThread.csproj", "{533D9141-666A-4807-AFBB-BAF0791301E8}"
EndProject
Project("{FAE04EC0-301F-11D3-BF4B-00C04F79EFBC}") = "SumEvenesInRange", "SumEvenesInRange\SumEvenesInRange.csproj", "{559D261E-833D-4C62-A782-88E430C1683B}"
EndProject
Project("{FAE04EC0-301F-11D3-BF4B-00C04F79EFBC}") = "SumEvensInBackground", "SumEvensInBackground\SumEvensInBackground.csproj", "{6E33F141-2CF1-4B4C-B9F4-A33E5AAF1CEB}"
EndProject
Global
	GlobalSection(SolutionConfigurationPlatforms) = preSolution
		Debug|Any CPU = Debug|Any CPU
		Release|Any CPU = Release|Any CPU
	EndGlobalSection
	GlobalSection(ProjectConfigurationPlatforms) = postSolution
		{533D9141-666A-4807-AFBB-BAF0791301E8}.Debug|Any CPU.ActiveCfg = Debug|Any CPU
		{533D9141-666A-4807-AFBB-BAF0791301E8}.Debug|Any CPU.Build.0 = Debug|Any CPU
		{533D9141-666A-4807-AFBB-BAF0791301E8}.Release|Any CPU.ActiveCfg = Release|Any CPU
		{533D9141-666A-4807-AFBB-BAF0791301E8}.Release|Any CPU.Build.0 = Release|Any CPU
		{559D261E-833D-4C62-A782-88E430C1683B}.Debug|Any CPU.ActiveCfg = Debug|Any CPU
		{559D261E-833D-4C62-A782-88E430C1683B}.Debug|Any CPU.Build.0 = Debug|Any CPU
		{559D261E-833D-4C62-A782-88E430C1683B}.Release|Any CPU.ActiveCfg = Release|Any CPU
		{559D261E-833D-4C62-A782-88E430C1683B}.Release|Any CPU.Build.0 = Release|Any CPU
		{6E33F141-2CF1-4B4C-B9F4-A33E5AAF1CEB}.Debug|Any CPU.ActiveCfg = Debug|Any CPU
		{6E33F141-2CF1-4B4C-B9F4-A33E5AAF1CEB}.Debug|Any CPU.Build.0 = Debug|Any CPU
		{6E33F141-2CF1-4B4C-B9F4-A33E5AAF1CEB}.Release|Any CPU.ActiveCfg = Release|Any CPU
		{6E33F141-2CF1-4B4C-B9F4-A33E5AAF1CEB}.Release|Any CPU.Build.0 = Release|Any CPU
	EndGlobalSection
	GlobalSection(SolutionProperties) = preSolution
		HideSolutionNode = FALSE
	EndGlobalSection
	GlobalSection(ExtensibilityGlobals) = postSolution
		SolutionGuid = {3DF8F862-5B35-4FA5-88ED-F5E5659785B5}
	EndGlobalSection
EndGlobal
